
Microsoft Visual Studio Solution File, Format Version 12.00
# Visual Studio Version 17
VisualStudioVersion = 17.12.35527.113
MinimumVisualStudioVersion = 10.0.40219.1
Project("{FAE04EC0-301F-11D3-BF4B-00C04F79EFBC}") = "Data", "Data\Data.csproj", "{972DC20B-F8CF-4A62-B923-952F6600E379}"
EndProject
Project("{FAE04EC0-301F-11D3-BF4B-00C04F79EFBC}") = "DTO", "DTO\DTO.csproj", "{20953BF0-B123-47F8-B633-BD18EAB8A65D}"
EndProject
Project("{FAE04EC0-301F-11D3-BF4B-00C04F79EFBC}") = "Services", "Services\Services.csproj", "{59060FB8-D145-4E17-B215-99B784BB8627}"
EndProject
Project("{FAE04EC0-301F-11D3-BF4B-00C04F79EFBC}") = "UI", "UI\UI.csproj", "{D9E70E46-F1AC-4444-A442-40A2AB1C06D5}"
EndProject
Global
	GlobalSection(SolutionConfigurationPlatforms) = preSolution
		Debug|Any CPU = Debug|Any CPU
		Release|Any CPU = Release|Any CPU
	EndGlobalSection
	GlobalSection(ProjectConfigurationPlatforms) = postSolution
		{972DC20B-F8CF-4A62-B923-952F6600E379}.Debug|Any CPU.ActiveCfg = Debug|Any CPU
		{972DC20B-F8CF-4A62-B923-952F6600E379}.Debug|Any CPU.Build.0 = Debug|Any CPU
		{972DC20B-F8CF-4A62-B923-952F6600E379}.Release|Any CPU.ActiveCfg = Release|Any CPU
		{972DC20B-F8CF-4A62-B923-952F6600E379}.Release|Any CPU.Build.0 = Release|Any CPU
		{20953BF0-B123-47F8-B633-BD18EAB8A65D}.Debug|Any CPU.ActiveCfg = Debug|Any CPU
		{20953BF0-B123-47F8-B633-BD18EAB8A65D}.Debug|Any CPU.Build.0 = Debug|Any CPU
		{20953BF0-B123-47F8-B633-BD18EAB8A65D}.Release|Any CPU.ActiveCfg = Release|Any CPU
		{20953BF0-B123-47F8-B633-BD18EAB8A65D}.Release|Any CPU.Build.0 = Release|Any CPU
		{59060FB8-D145-4E17-B215-99B784BB8627}.Debug|Any CPU.ActiveCfg = Debug|Any CPU
		{59060FB8-D145-4E17-B215-99B784BB8627}.Debug|Any CPU.Build.0 = Debug|Any CPU
		{59060FB8-D145-4E17-B215-99B784BB8627}.Release|Any CPU.ActiveCfg = Release|Any CPU
		{59060FB8-D145-4E17-B215-99B784BB8627}.Release|Any CPU.Build.0 = Release|Any CPU
		{D9E70E46-F1AC-4444-A442-40A2AB1C06D5}.Debug|Any CPU.ActiveCfg = Debug|Any CPU
		{D9E70E46-F1AC-4444-A442-40A2AB1C06D5}.Debug|Any CPU.Build.0 = Debug|Any CPU
		{D9E70E46-F1AC-4444-A442-40A2AB1C06D5}.Release|Any CPU.ActiveCfg = Release|Any CPU
		{D9E70E46-F1AC-4444-A442-40A2AB1C06D5}.Release|Any CPU.Build.0 = Release|Any CPU
	EndGlobalSection
	GlobalSection(SolutionProperties) = preSolution
		HideSolutionNode = FALSE
	EndGlobalSection
EndGlobal
